
Microsoft Visual Studio Solution File, Format Version 12.00
# Visual Studio Version 17
VisualStudioVersion = 17.13.35931.197 d17.13
MinimumVisualStudioVersion = 10.0.40219.1
Project("{FAE04EC0-301F-11D3-BF4B-00C04F79EFBC}") = "Aula19", "Aula19.csproj", "{5AA8FCCA-5A79-47D6-8714-4269FFEAAF5B}"
EndProject
Global
	GlobalSection(SolutionConfigurationPlatforms) = preSolution
		Debug|Any CPU = Debug|Any CPU
		Release|Any CPU = Release|Any CPU
	EndGlobalSection
	GlobalSection(ProjectConfigurationPlatforms) = postSolution
		{5AA8FCCA-5A79-47D6-8714-4269FFEAAF5B}.Debug|Any CPU.ActiveCfg = Debug|Any CPU
		{5AA8FCCA-5A79-47D6-8714-4269FFEAAF5B}.Debug|Any CPU.Build.0 = Debug|Any CPU
		{5AA8FCCA-5A79-47D6-8714-4269FFEAAF5B}.Release|Any CPU.ActiveCfg = Release|Any CPU
		{5AA8FCCA-5A79-47D6-8714-4269FFEAAF5B}.Release|Any CPU.Build.0 = Release|Any CPU
	EndGlobalSection
	GlobalSection(SolutionProperties) = preSolution
		HideSolutionNode = FALSE
	EndGlobalSection
	GlobalSection(ExtensibilityGlobals) = postSolution
		SolutionGuid = {6EE152BE-5A57-448D-8002-20BF6EDC0C63}
	EndGlobalSection
EndGlobal
